// !$*UTF8*$!
{
	archiveVersion = 1;
	classes = {
	};
	objectVersion = 42;
	objects = {

/* Begin PBXAggregateTarget section */
		0BC35CFD0846644D009DF0A7 /* Build All */ = {
			isa = PBXAggregateTarget;
			buildConfigurationList = 55916701149DE7D700531DC5 /* Build configuration list for PBXAggregateTarget "Build All" */;
			buildPhases = (
			);
			dependencies = (
				0BC35D0608466484009DF0A7 /* PBXTargetDependency */,
				0BC35D0808466486009DF0A7 /* PBXTargetDependency */,
			);
			name = "Build All";
			productName = "Build All";
		};
/* End PBXAggregateTarget section */

/* Begin PBXBuildFile section */
		0BAFCF790843BDE0000D46E8 /* Cocoa.framework in Frameworks */ = {isa = PBXBuildFile; fileRef = 1058C7A1FEA54F0111CA2CBB /* Cocoa.framework */; };
		0BC35D0F084664C8009DF0A7 /* MyURLConnection.m in Sources */ = {isa = PBXBuildFile; fileRef = 0BAFCFBF0843C145000D46E8 /* MyURLConnection.m */; };
		0BC35D10084664C8009DF0A7 /* SOAPClient.m in Sources */ = {isa = PBXBuildFile; fileRef = 0BEE41EE0826D25300B6AEED /* SOAPClient.m */; };
		0BC35D13084664E1009DF0A7 /* client_main.m in Sources */ = {isa = PBXBuildFile; fileRef = 0BEE42B90826F28900B6AEED /* client_main.m */; };
		0BC35D140846651E009DF0A7 /* Cocoa.framework in Frameworks */ = {isa = PBXBuildFile; fileRef = 1058C7A1FEA54F0111CA2CBB /* Cocoa.framework */; };
		0BEE42C50826F34D00B6AEED /* server_main.m in Sources */ = {isa = PBXBuildFile; fileRef = 29B97316FDCFA39411CA2CEA /* server_main.m */; };
		0BEE42C60826F37A00B6AEED /* TCPServer.m in Sources */ = {isa = PBXBuildFile; fileRef = 0BEE41E80826D24A00B6AEED /* TCPServer.m */; };
		0BEE42C70826F37A00B6AEED /* HTTPServer.m in Sources */ = {isa = PBXBuildFile; fileRef = 0BEE41E70826D24A00B6AEED /* HTTPServer.m */; };
/* End PBXBuildFile section */

/* Begin PBXContainerItemProxy section */
		0BC35D0508466484009DF0A7 /* PBXContainerItemProxy */ = {
			isa = PBXContainerItemProxy;
			containerPortal = 29B97313FDCFA39411CA2CEA /* Project object */;
			proxyType = 1;
			remoteGlobalIDString = 0BEE42B00826F22000B6AEED;
			remoteInfo = CocoaSOAPServer;
		};
		0BC35D0708466486009DF0A7 /* PBXContainerItemProxy */ = {
			isa = PBXContainerItemProxy;
			containerPortal = 29B97313FDCFA39411CA2CEA /* Project object */;
			proxyType = 1;
			remoteGlobalIDString = 0BC35D000846646F009DF0A7;
			remoteInfo = Client;
		};
/* End PBXContainerItemProxy section */

/* Begin PBXFileReference section */
		0BAFCFBF0843C145000D46E8 /* MyURLConnection.m */ = {isa = PBXFileReference; fileEncoding = 4; lastKnownFileType = sourcecode.c.objc; path = MyURLConnection.m; sourceTree = "<group>"; };
		0BAFCFC30843C154000D46E8 /* MyURLConnection.h */ = {isa = PBXFileReference; fileEncoding = 4; lastKnownFileType = sourcecode.c.h; path = MyURLConnection.h; sourceTree = "<group>"; };
		0BC35D010846646F009DF0A7 /* Client */ = {isa = PBXFileReference; explicitFileType = "compiled.mach-o.executable"; includeInIndex = 0; path = Client; sourceTree = BUILT_PRODUCTS_DIR; };
		0BEE41E60826D24A00B6AEED /* HTTPServer.h */ = {isa = PBXFileReference; fileEncoding = 30; lastKnownFileType = sourcecode.c.h; path = HTTPServer.h; sourceTree = "<group>"; };
		0BEE41E70826D24A00B6AEED /* HTTPServer.m */ = {isa = PBXFileReference; fileEncoding = 30; lastKnownFileType = sourcecode.c.objc; path = HTTPServer.m; sourceTree = "<group>"; };
		0BEE41E80826D24A00B6AEED /* TCPServer.m */ = {isa = PBXFileReference; fileEncoding = 30; lastKnownFileType = sourcecode.c.objc; path = TCPServer.m; sourceTree = "<group>"; };
		0BEE41E90826D24A00B6AEED /* TCPServer.h */ = {isa = PBXFileReference; fileEncoding = 30; lastKnownFileType = sourcecode.c.h; path = TCPServer.h; sourceTree = "<group>"; };
		0BEE41ED0826D25300B6AEED /* SOAPClient.h */ = {isa = PBXFileReference; fileEncoding = 30; lastKnownFileType = sourcecode.c.h; path = SOAPClient.h; sourceTree = "<group>"; };
		0BEE41EE0826D25300B6AEED /* SOAPClient.m */ = {isa = PBXFileReference; fileEncoding = 30; lastKnownFileType = sourcecode.c.objc; path = SOAPClient.m; sourceTree = "<group>"; };
		0BEE42B10826F22000B6AEED /* Server */ = {isa = PBXFileReference; explicitFileType = "compiled.mach-o.executable"; includeInIndex = 0; path = Server; sourceTree = BUILT_PRODUCTS_DIR; };
		0BEE42B90826F28900B6AEED /* client_main.m */ = {isa = PBXFileReference; fileEncoding = 4; lastKnownFileType = sourcecode.c.objc; path = client_main.m; sourceTree = "<group>"; };
		1058C7A1FEA54F0111CA2CBB /* Cocoa.framework */ = {isa = PBXFileReference; lastKnownFileType = wrapper.framework; name = Cocoa.framework; path = /System/Library/Frameworks/Cocoa.framework; sourceTree = "<absolute>"; };
		13E42FB307B3F0F600E4EEF1 /* CoreData.framework */ = {isa = PBXFileReference; lastKnownFileType = wrapper.framework; name = CoreData.framework; path = /System/Library/Frameworks/CoreData.framework; sourceTree = "<absolute>"; };
		29B97316FDCFA39411CA2CEA /* server_main.m */ = {isa = PBXFileReference; fileEncoding = 4; lastKnownFileType = sourcecode.c.objc; path = server_main.m; sourceTree = "<group>"; };
		29B97324FDCFA39411CA2CEA /* AppKit.framework */ = {isa = PBXFileReference; lastKnownFileType = wrapper.framework; name = AppKit.framework; path = /System/Library/Frameworks/AppKit.framework; sourceTree = "<absolute>"; };
		29B97325FDCFA39411CA2CEA /* Foundation.framework */ = {isa = PBXFileReference; lastKnownFileType = wrapper.framework; name = Foundation.framework; path = /System/Library/Frameworks/Foundation.framework; sourceTree = "<absolute>"; };
		32CA4F630368D1EE00C91783 /* CocoaSOAP_Prefix.pch */ = {isa = PBXFileReference; fileEncoding = 4; lastKnownFileType = sourcecode.c.h; path = CocoaSOAP_Prefix.pch; sourceTree = "<group>"; };
/* End PBXFileReference section */

/* Begin PBXFrameworksBuildPhase section */
		0BC35CFF0846646F009DF0A7 /* Frameworks */ = {
			isa = PBXFrameworksBuildPhase;
			buildActionMask = 2147483647;
			files = (
				0BC35D140846651E009DF0A7 /* Cocoa.framework in Frameworks */,
			);
			runOnlyForDeploymentPostprocessing = 0;
		};
		0BEE42AF0826F22000B6AEED /* Frameworks */ = {
			isa = PBXFrameworksBuildPhase;
			buildActionMask = 2147483647;
			files = (
				0BAFCF790843BDE0000D46E8 /* Cocoa.framework in Frameworks */,
			);
			runOnlyForDeploymentPostprocessing = 0;
		};
/* End PBXFrameworksBuildPhase section */

/* Begin PBXGroup section */
		080E96DDFE201D6D7F000001 /* Classes */ = {
			isa = PBXGroup;
			children = (
				0BAFCFC30843C154000D46E8 /* MyURLConnection.h */,
				0BAFCFBF0843C145000D46E8 /* MyURLConnection.m */,
				0BEE41ED0826D25300B6AEED /* SOAPClient.h */,
				0BEE41EE0826D25300B6AEED /* SOAPClient.m */,
				0BEE41E60826D24A00B6AEED /* HTTPServer.h */,
				0BEE41E70826D24A00B6AEED /* HTTPServer.m */,
				0BEE41E90826D24A00B6AEED /* TCPServer.h */,
				0BEE41E80826D24A00B6AEED /* TCPServer.m */,
			);
			name = Classes;
			sourceTree = "<group>";
		};
		1058C7A0FEA54F0111CA2CBB /* Linked Frameworks */ = {
			isa = PBXGroup;
			children = (
				1058C7A1FEA54F0111CA2CBB /* Cocoa.framework */,
			);
			name = "Linked Frameworks";
			sourceTree = "<group>";
		};
		1058C7A2FEA54F0111CA2CBB /* Other Frameworks */ = {
			isa = PBXGroup;
			children = (
				29B97324FDCFA39411CA2CEA /* AppKit.framework */,
				13E42FB307B3F0F600E4EEF1 /* CoreData.framework */,
				29B97325FDCFA39411CA2CEA /* Foundation.framework */,
			);
			name = "Other Frameworks";
			sourceTree = "<group>";
		};
		19C28FACFE9D520D11CA2CBB /* Products */ = {
			isa = PBXGroup;
			children = (
				0BEE42B10826F22000B6AEED /* Server */,
				0BC35D010846646F009DF0A7 /* Client */,
			);
			name = Products;
			sourceTree = "<group>";
		};
		29B97314FDCFA39411CA2CEA /* CocoaSOAP */ = {
			isa = PBXGroup;
			children = (
				080E96DDFE201D6D7F000001 /* Classes */,
				29B97315FDCFA39411CA2CEA /* Other Sources */,
				29B97317FDCFA39411CA2CEA /* Resources */,
				29B97323FDCFA39411CA2CEA /* Frameworks */,
				19C28FACFE9D520D11CA2CBB /* Products */,
			);
			name = CocoaSOAP;
			sourceTree = "<group>";
		};
		29B97315FDCFA39411CA2CEA /* Other Sources */ = {
			isa = PBXGroup;
			children = (
				32CA4F630368D1EE00C91783 /* CocoaSOAP_Prefix.pch */,
				0BEE42B90826F28900B6AEED /* client_main.m */,
				29B97316FDCFA39411CA2CEA /* server_main.m */,
			);
			name = "Other Sources";
			sourceTree = "<group>";
		};
		29B97317FDCFA39411CA2CEA /* Resources */ = {
			isa = PBXGroup;
			children = (
			);
			name = Resources;
			sourceTree = "<group>";
		};
		29B97323FDCFA39411CA2CEA /* Frameworks */ = {
			isa = PBXGroup;
			children = (
				1058C7A0FEA54F0111CA2CBB /* Linked Frameworks */,
				1058C7A2FEA54F0111CA2CBB /* Other Frameworks */,
			);
			name = Frameworks;
			sourceTree = "<group>";
		};
/* End PBXGroup section */

/* Begin PBXNativeTarget section */
		0BC35D000846646F009DF0A7 /* Client */ = {
			isa = PBXNativeTarget;
			buildConfigurationList = 55916700149DE7D700531DC5 /* Build configuration list for PBXNativeTarget "Client" */;
			buildPhases = (
				0BC35CFE0846646F009DF0A7 /* Sources */,
				0BC35CFF0846646F009DF0A7 /* Frameworks */,
			);
			buildRules = (
			);
			dependencies = (
			);
			name = Client;
			productName = Client;
			productReference = 0BC35D010846646F009DF0A7 /* Client */;
			productType = "com.apple.product-type.tool";
		};
		0BEE42B00826F22000B6AEED /* Server */ = {
			isa = PBXNativeTarget;
			buildConfigurationList = 559166FF149DE7D700531DC5 /* Build configuration list for PBXNativeTarget "Server" */;
			buildPhases = (
				0BEE42AE0826F22000B6AEED /* Sources */,
				0BEE42AF0826F22000B6AEED /* Frameworks */,
			);
			buildRules = (
			);
			dependencies = (
			);
			name = Server;
			productName = CocoaSOAPServer2;
			productReference = 0BEE42B10826F22000B6AEED /* Server */;
			productType = "com.apple.product-type.tool";
		};
/* End PBXNativeTarget section */

/* Begin PBXProject section */
		29B97313FDCFA39411CA2CEA /* Project object */ = {
			isa = PBXProject;
			buildConfigurationList = 559166FE149DE7D700531DC5 /* Build configuration list for PBXProject "CocoaSOAP" */;
			compatibilityVersion = "Xcode 2.4";
			developmentRegion = English;
			hasScannedForEncodings = 1;
			knownRegions = (
				English,
				Japanese,
				French,
				German,
			);
			mainGroup = 29B97314FDCFA39411CA2CEA /* CocoaSOAP */;
			projectDirPath = "";
			projectRoot = "";
			targets = (
				0BC35CFD0846644D009DF0A7 /* Build All */,
				0BEE42B00826F22000B6AEED /* Server */,
				0BC35D000846646F009DF0A7 /* Client */,
			);
		};
/* End PBXProject section */

/* Begin PBXSourcesBuildPhase section */
		0BC35CFE0846646F009DF0A7 /* Sources */ = {
			isa = PBXSourcesBuildPhase;
			buildActionMask = 2147483647;
			files = (
				0BC35D0F084664C8009DF0A7 /* MyURLConnection.m in Sources */,
				0BC35D10084664C8009DF0A7 /* SOAPClient.m in Sources */,
				0BC35D13084664E1009DF0A7 /* client_main.m in Sources */,
			);
			runOnlyForDeploymentPostprocessing = 0;
		};
		0BEE42AE0826F22000B6AEED /* Sources */ = {
			isa = PBXSourcesBuildPhase;
			buildActionMask = 2147483647;
			files = (
				0BEE42C60826F37A00B6AEED /* TCPServer.m in Sources */,
				0BEE42C70826F37A00B6AEED /* HTTPServer.m in Sources */,
				0BEE42C50826F34D00B6AEED /* server_main.m in Sources */,
			);
			runOnlyForDeploymentPostprocessing = 0;
		};
/* End PBXSourcesBuildPhase section */

/* Begin PBXTargetDependency section */
		0BC35D0608466484009DF0A7 /* PBXTargetDependency */ = {
			isa = PBXTargetDependency;
			target = 0BEE42B00826F22000B6AEED /* Server */;
			targetProxy = 0BC35D0508466484009DF0A7 /* PBXContainerItemProxy */;
		};
		0BC35D0808466486009DF0A7 /* PBXTargetDependency */ = {
			isa = PBXTargetDependency;
			target = 0BC35D000846646F009DF0A7 /* Client */;
			targetProxy = 0BC35D0708466486009DF0A7 /* PBXContainerItemProxy */;
		};
/* End PBXTargetDependency section */

/* Begin XCBuildConfiguration section */
		559166F2149DE7D700531DC5 /* Development */ = {
			isa = XCBuildConfiguration;
			buildSettings = {
			};
			name = Development;
		};
		559166F3149DE7D700531DC5 /* Deployment */ = {
			isa = XCBuildConfiguration;
			buildSettings = {
			};
			name = Deployment;
		};
		559166F4149DE7D700531DC5 /* Default */ = {
			isa = XCBuildConfiguration;
			buildSettings = {
			};
			name = Default;
		};
		559166F5149DE7D700531DC5 /* Development */ = {
			isa = XCBuildConfiguration;
			buildSettings = {
				COPY_PHASE_STRIP = NO;
				GCC_DYNAMIC_NO_PIC = NO;
				GCC_ENABLE_FIX_AND_CONTINUE = YES;
				GCC_GENERATE_DEBUGGING_SYMBOLS = YES;
				GCC_OPTIMIZATION_LEVEL = 0;
				OTHER_CFLAGS = "";
				OTHER_LDFLAGS = "";
				OTHER_REZFLAGS = "";
				PREBINDING = NO;
				PRODUCT_NAME = "Build All";
				SECTORDER_FLAGS = "";
				WARNING_CFLAGS = (
					"-Wmost",
					"-Wno-four-char-constants",
					"-Wno-unknown-pragmas",
				);
				ZERO_LINK = YES;
			};
			name = Development;
		};
		559166F6149DE7D700531DC5 /* Deployment */ = {
			isa = XCBuildConfiguration;
			buildSettings = {
				COPY_PHASE_STRIP = YES;
				GCC_ENABLE_FIX_AND_CONTINUE = NO;
				GCC_GENERATE_DEBUGGING_SYMBOLS = NO;
				OTHER_CFLAGS = "";
				OTHER_LDFLAGS = "";
				OTHER_REZFLAGS = "";
				PREBINDING = NO;
				PRODUCT_NAME = "Build All";
				SECTORDER_FLAGS = "";
				WARNING_CFLAGS = (
					"-Wmost",
					"-Wno-four-char-constants",
					"-Wno-unknown-pragmas",
				);
				ZERO_LINK = NO;
			};
			name = Deployment;
		};
		559166F7149DE7D700531DC5 /* Default */ = {
			isa = XCBuildConfiguration;
			buildSettings = {
				OTHER_CFLAGS = "";
				OTHER_LDFLAGS = "";
				OTHER_REZFLAGS = "";
				PRODUCT_NAME = "Build All";
				SECTORDER_FLAGS = "";
				WARNING_CFLAGS = (
					"-Wmost",
					"-Wno-four-char-constants",
					"-Wno-unknown-pragmas",
				);
			};
			name = Default;
		};
		559166F8149DE7D700531DC5 /* Development */ = {
			isa = XCBuildConfiguration;
			buildSettings = {
				COPY_PHASE_STRIP = NO;
				GCC_DYNAMIC_NO_PIC = NO;
				GCC_ENABLE_FIX_AND_CONTINUE = YES;
				GCC_GENERATE_DEBUGGING_SYMBOLS = YES;
				GCC_MODEL_TUNING = G5;
				GCC_OPTIMIZATION_LEVEL = 0;
				GCC_PRECOMPILE_PREFIX_HEADER = YES;
				GCC_PREFIX_HEADER = "$(SYSTEM_LIBRARY_DIR)/Frameworks/AppKit.framework/Headers/AppKit.h";
				INSTALL_PATH = /usr/local/bin;
				OTHER_CFLAGS = "";
				OTHER_LDFLAGS = (
					"-framework",
					Foundation,
					"-framework",
					AppKit,
				);
				OTHER_REZFLAGS = "";
				PREBINDING = NO;
				PRODUCT_NAME = Server;
				SECTORDER_FLAGS = "";
				WARNING_CFLAGS = (
					"-Wmost",
					"-Wno-four-char-constants",
					"-Wno-unknown-pragmas",
				);
				ZERO_LINK = YES;
			};
			name = Development;
		};
		559166F9149DE7D700531DC5 /* Deployment */ = {
			isa = XCBuildConfiguration;
			buildSettings = {
				COPY_PHASE_STRIP = YES;
				GCC_ENABLE_FIX_AND_CONTINUE = NO;
				GCC_GENERATE_DEBUGGING_SYMBOLS = NO;
				GCC_MODEL_TUNING = G5;
				GCC_PRECOMPILE_PREFIX_HEADER = YES;
				GCC_PREFIX_HEADER = "$(SYSTEM_LIBRARY_DIR)/Frameworks/AppKit.framework/Headers/AppKit.h";
				INSTALL_PATH = /usr/local/bin;
				OTHER_CFLAGS = "";
				OTHER_LDFLAGS = (
					"-framework",
					Foundation,
					"-framework",
					AppKit,
				);
				OTHER_REZFLAGS = "";
				PREBINDING = NO;
				PRODUCT_NAME = Server;
				SECTORDER_FLAGS = "";
				WARNING_CFLAGS = (
					"-Wmost",
					"-Wno-four-char-constants",
					"-Wno-unknown-pragmas",
				);
				ZERO_LINK = NO;
			};
			name = Deployment;
		};
		559166FA149DE7D700531DC5 /* Default */ = {
			isa = XCBuildConfiguration;
			buildSettings = {
				GCC_GENERATE_DEBUGGING_SYMBOLS = NO;
				GCC_MODEL_TUNING = G5;
				GCC_PRECOMPILE_PREFIX_HEADER = YES;
				GCC_PREFIX_HEADER = "$(SYSTEM_LIBRARY_DIR)/Frameworks/AppKit.framework/Headers/AppKit.h";
				INSTALL_PATH = /usr/local/bin;
				OTHER_CFLAGS = "";
				OTHER_LDFLAGS = (
					"-framework",
					Foundation,
					"-framework",
					AppKit,
				);
				OTHER_REZFLAGS = "";
				PREBINDING = NO;
				PRODUCT_NAME = Server;
				SECTORDER_FLAGS = "";
				WARNING_CFLAGS = (
					"-Wmost",
					"-Wno-four-char-constants",
					"-Wno-unknown-pragmas",
				);
			};
			name = Default;
		};
		559166FB149DE7D700531DC5 /* Development */ = {
			isa = XCBuildConfiguration;
			buildSettings = {
				COPY_PHASE_STRIP = NO;
				GCC_DYNAMIC_NO_PIC = NO;
				GCC_ENABLE_FIX_AND_CONTINUE = YES;
				GCC_GENERATE_DEBUGGING_SYMBOLS = YES;
				GCC_MODEL_TUNING = G5;
				GCC_OPTIMIZATION_LEVEL = 0;
				GCC_PRECOMPILE_PREFIX_HEADER = YES;
				GCC_PREFIX_HEADER = "$(SYSTEM_LIBRARY_DIR)/Frameworks/AppKit.framework/Headers/AppKit.h";
				INSTALL_PATH = /usr/local/bin;
				OTHER_CFLAGS = "";
				OTHER_LDFLAGS = (
					"-framework",
					Foundation,
					"-framework",
					AppKit,
				);
				OTHER_REZFLAGS = "";
				PREBINDING = NO;
				PRODUCT_NAME = Client;
				SECTORDER_FLAGS = "";
				WARNING_CFLAGS = (
					"-Wmost",
					"-Wno-four-char-constants",
					"-Wno-unknown-pragmas",
				);
				ZERO_LINK = YES;
			};
			name = Development;
		};
		559166FC149DE7D700531DC5 /* Deployment */ = {
			isa = XCBuildConfiguration;
			buildSettings = {
				COPY_PHASE_STRIP = YES;
				GCC_ENABLE_FIX_AND_CONTINUE = NO;
				GCC_GENERATE_DEBUGGING_SYMBOLS = NO;
				GCC_MODEL_TUNING = G5;
				GCC_PRECOMPILE_PREFIX_HEADER = YES;
				GCC_PREFIX_HEADER = "$(SYSTEM_LIBRARY_DIR)/Frameworks/AppKit.framework/Headers/AppKit.h";
				INSTALL_PATH = /usr/local/bin;
				OTHER_CFLAGS = "";
				OTHER_LDFLAGS = (
					"-framework",
					Foundation,
					"-framework",
					AppKit,
				);
				OTHER_REZFLAGS = "";
				PREBINDING = NO;
				PRODUCT_NAME = Client;
				SECTORDER_FLAGS = "";
				WARNING_CFLAGS = (
					"-Wmost",
					"-Wno-four-char-constants",
					"-Wno-unknown-pragmas",
				);
				ZERO_LINK = NO;
			};
			name = Deployment;
		};
		559166FD149DE7D700531DC5 /* Default */ = {
			isa = XCBuildConfiguration;
			buildSettings = {
				GCC_GENERATE_DEBUGGING_SYMBOLS = NO;
				GCC_MODEL_TUNING = G5;
				GCC_PRECOMPILE_PREFIX_HEADER = YES;
				GCC_PREFIX_HEADER = "$(SYSTEM_LIBRARY_DIR)/Frameworks/AppKit.framework/Headers/AppKit.h";
				INSTALL_PATH = /usr/local/bin;
				OTHER_CFLAGS = "";
				OTHER_LDFLAGS = (
					"-framework",
					Foundation,
					"-framework",
					AppKit,
				);
				OTHER_REZFLAGS = "";
				PREBINDING = NO;
				PRODUCT_NAME = Client;
				SECTORDER_FLAGS = "";
				WARNING_CFLAGS = (
					"-Wmost",
					"-Wno-four-char-constants",
					"-Wno-unknown-pragmas",
				);
			};
			name = Default;
		};
/* End XCBuildConfiguration section */

/* Begin XCConfigurationList section */
		559166FE149DE7D700531DC5 /* Build configuration list for PBXProject "CocoaSOAP" */ = {
			isa = XCConfigurationList;
			buildConfigurations = (
				559166F2149DE7D700531DC5 /* Development */,
				559166F3149DE7D700531DC5 /* Deployment */,
				559166F4149DE7D700531DC5 /* Default */,
			);
			defaultConfigurationIsVisible = 0;
			defaultConfigurationName = Default;
		};
		559166FF149DE7D700531DC5 /* Build configuration list for PBXNativeTarget "Server" */ = {
			isa = XCConfigurationList;
			buildConfigurations = (
				559166F8149DE7D700531DC5 /* Development */,
				559166F9149DE7D700531DC5 /* Deployment */,
				559166FA149DE7D700531DC5 /* Default */,
			);
			defaultConfigurationIsVisible = 0;
			defaultConfigurationName = Default;
		};
		55916700149DE7D700531DC5 /* Build configuration list for PBXNativeTarget "Client" */ = {
			isa = XCConfigurationList;
			buildConfigurations = (
				559166FB149DE7D700531DC5 /* Development */,
				559166FC149DE7D700531DC5 /* Deployment */,
				559166FD149DE7D700531DC5 /* Default */,
			);
			defaultConfigurationIsVisible = 0;
			defaultConfigurationName = Default;
		};
		55916701149DE7D700531DC5 /* Build configuration list for PBXAggregateTarget "Build All" */ = {
			isa = XCConfigurationList;
			buildConfigurations = (
				559166F5149DE7D700531DC5 /* Development */,
				559166F6149DE7D700531DC5 /* Deployment */,
				559166F7149DE7D700531DC5 /* Default */,
			);
			defaultConfigurationIsVisible = 0;
			defaultConfigurationName = Default;
		};
/* End XCConfigurationList section */
	};
	rootObject = 29B97313FDCFA39411CA2CEA /* Project object */;
}
